
Microsoft Visual Studio Solution File, Format Version 12.00
# Visual Studio Version 17
VisualStudioVersion = 17.6.33712.159
MinimumVisualStudioVersion = 10.0.40219.1
Project("{FAE04EC0-301F-11D3-BF4B-00C04F79EFBC}") = "Dotnet-Console-Playground", "Dotnet-Console-Playground\Dotnet-Console-Playground.csproj", "{A7D85961-6DAF-4946-9ED4-40F5B9902319}"
EndProject
Global
	GlobalSection(SolutionConfigurationPlatforms) = preSolution
		Debug|Any CPU = Debug|Any CPU
		Release|Any CPU = Release|Any CPU
	EndGlobalSection
	GlobalSection(ProjectConfigurationPlatforms) = postSolution
		{A7D85961-6DAF-4946-9ED4-40F5B9902319}.Debug|Any CPU.ActiveCfg = Debug|Any CPU
		{A7D85961-6DAF-4946-9ED4-40F5B9902319}.Debug|Any CPU.Build.0 = Debug|Any CPU
		{A7D85961-6DAF-4946-9ED4-40F5B9902319}.Release|Any CPU.ActiveCfg = Release|Any CPU
		{A7D85961-6DAF-4946-9ED4-40F5B9902319}.Release|Any CPU.Build.0 = Release|Any CPU
	EndGlobalSection
	GlobalSection(SolutionProperties) = preSolution
		HideSolutionNode = FALSE
	EndGlobalSection
	GlobalSection(ExtensibilityGlobals) = postSolution
		SolutionGuid = {13452809-1E77-4928-9026-45F100EBED24}
	EndGlobalSection
EndGlobal
